// !$*UTF8*$!
{
	archiveVersion = 1;
	classes = {
	};
	objectVersion = 46;
	objects = {

/* Begin PBXBuildFile section */
		54EC7D1B15277C9D002EC2C3 /* Cocoa.framework in Frameworks */ = {isa = PBXBuildFile; fileRef = 54EC7D1A15277C9D002EC2C3 /* Cocoa.framework */; };
		54EC7D2515277C9D002EC2C3 /* InfoPlist.strings in Resources */ = {isa = PBXBuildFile; fileRef = 54EC7D2315277C9D002EC2C3 /* InfoPlist.strings */; };
		54EC7D2715277C9D002EC2C3 /* main.m in Sources */ = {isa = PBXBuildFile; fileRef = 54EC7D2615277C9D002EC2C3 /* main.m */; };
		54EC7D2B15277C9D002EC2C3 /* Credits.rtf in Resources */ = {isa = PBXBuildFile; fileRef = 54EC7D2915277C9D002EC2C3 /* Credits.rtf */; };
		54EC7D3115277C9D002EC2C3 /* MainMenu.xib in Resources */ = {isa = PBXBuildFile; fileRef = 54EC7D2F15277C9D002EC2C3 /* MainMenu.xib */; };
		54EC7D4F15277CE2002EC2C3 /* Application.cpp in Sources */ = {isa = PBXBuildFile; fileRef = 54EC7D4615277CE2002EC2C3 /* Application.cpp */; };
		54EC7D5015277CE2002EC2C3 /* AppDelegate.mm in Sources */ = {isa = PBXBuildFile; fileRef = 54EC7D4A15277CE2002EC2C3 /* AppDelegate.mm */; };
		54EC7D5115277CE2002EC2C3 /* MacApplication.mm in Sources */ = {isa = PBXBuildFile; fileRef = 54EC7D4C15277CE2002EC2C3 /* MacApplication.mm */; };
		54EC7D5215277CE2002EC2C3 /* MacOpenGLView.m in Sources */ = {isa = PBXBuildFile; fileRef = 54EC7D4E15277CE2002EC2C3 /* MacOpenGLView.m */; };
		54EC7DC815277CF5002EC2C3 /* ArcBall.cpp in Sources */ = {isa = PBXBuildFile; fileRef = 54EC7D5515277CF5002EC2C3 /* ArcBall.cpp */; };
		54EC7DC915277CF5002EC2C3 /* Camera.cpp in Sources */ = {isa = PBXBuildFile; fileRef = 54EC7D5715277CF5002EC2C3 /* Camera.cpp */; };
		54EC7DCA15277CF5002EC2C3 /* EasyCam.cpp in Sources */ = {isa = PBXBuildFile; fileRef = 54EC7D5915277CF5002EC2C3 /* EasyCam.cpp */; };
		54EC7DCB15277CF5002EC2C3 /* Effect.cpp in Sources */ = {isa = PBXBuildFile; fileRef = 54EC7D5B15277CF5002EC2C3 /* Effect.cpp */; };
		54EC7DCC15277CF5002EC2C3 /* Light.cpp in Sources */ = {isa = PBXBuildFile; fileRef = 54EC7D5D15277CF5002EC2C3 /* Light.cpp */; };
		54EC7DCD15277CF5002EC2C3 /* Material.cpp in Sources */ = {isa = PBXBuildFile; fileRef = 54EC7D5F15277CF5002EC2C3 /* Material.cpp */; };
		54EC7DCE15277CF5002EC2C3 /* Renderer.cpp in Sources */ = {isa = PBXBuildFile; fileRef = 54EC7D6315277CF5002EC2C3 /* Renderer.cpp */; };
		54EC7DCF15277CF5002EC2C3 /* Scene.cpp in Sources */ = {isa = PBXBuildFile; fileRef = 54EC7D6515277CF5002EC2C3 /* Scene.cpp */; };
		54EC7DD015277CF5002EC2C3 /* SceneItem.cpp in Sources */ = {isa = PBXBuildFile; fileRef = 54EC7D6715277CF5002EC2C3 /* SceneItem.cpp */; };
		54EC7DD115277CF5002EC2C3 /* Axis.cpp in Sources */ = {isa = PBXBuildFile; fileRef = 54EC7D6A15277CF5002EC2C3 /* Axis.cpp */; };
		54EC7DD215277CF5002EC2C3 /* Box.cpp in Sources */ = {isa = PBXBuildFile; fileRef = 54EC7D6C15277CF5002EC2C3 /* Box.cpp */; };
		54EC7DD315277CF5002EC2C3 /* IcoSphere.cpp in Sources */ = {isa = PBXBuildFile; fileRef = 54EC7D6E15277CF5002EC2C3 /* IcoSphere.cpp */; };
		54EC7DD415277CF5002EC2C3 /* Plane.cpp in Sources */ = {isa = PBXBuildFile; fileRef = 54EC7D7015277CF5002EC2C3 /* Plane.cpp */; };
		54EC7DD515277CF5002EC2C3 /* Sphere.cpp in Sources */ = {isa = PBXBuildFile; fileRef = 54EC7D7215277CF5002EC2C3 /* Sphere.cpp */; };
		54EC7DD615277CF5002EC2C3 /* UVSphere.cpp in Sources */ = {isa = PBXBuildFile; fileRef = 54EC7D7415277CF5002EC2C3 /* UVSphere.cpp */; };
		54EC7DD715277CF5002EC2C3 /* VertexData.cpp in Sources */ = {isa = PBXBuildFile; fileRef = 54EC7D7715277CF5002EC2C3 /* VertexData.cpp */; };
		54EC7DD815277CF5002EC2C3 /* Noise.cpp in Sources */ = {isa = PBXBuildFile; fileRef = 54EC7D7C15277CF5002EC2C3 /* Noise.cpp */; };
		54EC7DD915277CF5002EC2C3 /* StringUtil.cpp in Sources */ = {isa = PBXBuildFile; fileRef = 54EC7D7E15277CF5002EC2C3 /* StringUtil.cpp */; };
		54EC7DDA15277CF5002EC2C3 /* Utils.cpp in Sources */ = {isa = PBXBuildFile; fileRef = 54EC7D8015277CF5002EC2C3 /* Utils.cpp */; };
		54EC7DDB15277CF5002EC2C3 /* __init__.py in Resources */ = {isa = PBXBuildFile; fileRef = 54EC7D8415277CF5002EC2C3 /* __init__.py */; };
		54EC7DDC15277CF5002EC2C3 /* ShaderGenerator.cpp in Sources */ = {isa = PBXBuildFile; fileRef = 54EC7D8515277CF5002EC2C3 /* ShaderGenerator.cpp */; };
		54EC7DDD15277CF5002EC2C3 /* uber.frag in Sources */ = {isa = PBXBuildFile; fileRef = 54EC7D8815277CF5002EC2C3 /* uber.frag */; };
		54EC7DDE15277CF5002EC2C3 /* uber.vert in Sources */ = {isa = PBXBuildFile; fileRef = 54EC7D8915277CF5002EC2C3 /* uber.vert */; };
		54EC7DDF15277CF5002EC2C3 /* SimpleClient.cpp in Sources */ = {isa = PBXBuildFile; fileRef = 54EC7D8A15277CF5002EC2C3 /* SimpleClient.cpp */; };
		54EC7DE215277CF5002EC2C3 /* Image.cpp in Sources */ = {isa = PBXBuildFile; fileRef = 54EC7D9415277CF5002EC2C3 /* Image.cpp */; };
		54EC7DE315277CF5002EC2C3 /* Dictionary.cpp in Sources */ = {isa = PBXBuildFile; fileRef = 54EC7D9715277CF5002EC2C3 /* Dictionary.cpp */; };
		54EC7DE415277CF5002EC2C3 /* DictionaryMap.cpp in Sources */ = {isa = PBXBuildFile; fileRef = 54EC7D9915277CF5002EC2C3 /* DictionaryMap.cpp */; };
		54EC7DE515277CF5002EC2C3 /* File.cpp in Sources */ = {isa = PBXBuildFile; fileRef = 54EC7D9C15277CF5002EC2C3 /* File.cpp */; };
		54EC7DE615277CF5002EC2C3 /* INI.cpp in Sources */ = {isa = PBXBuildFile; fileRef = 54EC7D9E15277CF5002EC2C3 /* INI.cpp */; };
		54EC7DE715277CF5002EC2C3 /* IOBuffer.cpp in Sources */ = {isa = PBXBuildFile; fileRef = 54EC7DA015277CF5002EC2C3 /* IOBuffer.cpp */; };
		54EC7DE815277CF5002EC2C3 /* OBJ.cpp in Sources */ = {isa = PBXBuildFile; fileRef = 54EC7DA215277CF5002EC2C3 /* OBJ.cpp */; };
		54EC7DE915277CF5002EC2C3 /* Ply.cpp in Sources */ = {isa = PBXBuildFile; fileRef = 54EC7DA415277CF5002EC2C3 /* Ply.cpp */; };
		54EC7DEA15277CF5002EC2C3 /* R3F.cpp in Sources */ = {isa = PBXBuildFile; fileRef = 54EC7DA615277CF5002EC2C3 /* R3F.cpp */; };
		54EC7DEB15277CF5002EC2C3 /* Mat3.cpp in Sources */ = {isa = PBXBuildFile; fileRef = 54EC7DAA15277CF5002EC2C3 /* Mat3.cpp */; };
		54EC7DEC15277CF5002EC2C3 /* Mat4.cpp in Sources */ = {isa = PBXBuildFile; fileRef = 54EC7DAC15277CF5002EC2C3 /* Mat4.cpp */; };
		54EC7DED15277CF5002EC2C3 /* Quat.cpp in Sources */ = {isa = PBXBuildFile; fileRef = 54EC7DAE15277CF5002EC2C3 /* Quat.cpp */; };
		54EC7DEE15277CF5002EC2C3 /* Vec2.cpp in Sources */ = {isa = PBXBuildFile; fileRef = 54EC7DB015277CF5002EC2C3 /* Vec2.cpp */; };
		54EC7DEF15277CF5002EC2C3 /* Vec3.cpp in Sources */ = {isa = PBXBuildFile; fileRef = 54EC7DB215277CF5002EC2C3 /* Vec3.cpp */; };
		54EC7DF015277CF5002EC2C3 /* Vec4.cpp in Sources */ = {isa = PBXBuildFile; fileRef = 54EC7DB415277CF5002EC2C3 /* Vec4.cpp */; };
		54EC7DF115277CF5002EC2C3 /* FBO.cpp in Sources */ = {isa = PBXBuildFile; fileRef = 54EC7DB815277CF5002EC2C3 /* FBO.cpp */; };
		54EC7DF215277CF5002EC2C3 /* MatrixStrack.cpp in Sources */ = {isa = PBXBuildFile; fileRef = 54EC7DBA15277CF5002EC2C3 /* MatrixStrack.cpp */; };
		54EC7DF315277CF5002EC2C3 /* PBO.cpp in Sources */ = {isa = PBXBuildFile; fileRef = 54EC7DBD15277CF5002EC2C3 /* PBO.cpp */; };
		54EC7DF415277CF5002EC2C3 /* Shader.cpp in Sources */ = {isa = PBXBuildFile; fileRef = 54EC7DBF15277CF5002EC2C3 /* Shader.cpp */; };
		54EC7DF515277CF5002EC2C3 /* Texture.cpp in Sources */ = {isa = PBXBuildFile; fileRef = 54EC7DC115277CF5002EC2C3 /* Texture.cpp */; };
		54EC7DF615277CF5002EC2C3 /* VAO.cpp in Sources */ = {isa = PBXBuildFile; fileRef = 54EC7DC315277CF5002EC2C3 /* VAO.cpp */; };
		54EC7DF715277CF5002EC2C3 /* VBO.cpp in Sources */ = {isa = PBXBuildFile; fileRef = 54EC7DC515277CF5002EC2C3 /* VBO.cpp */; };
		54EC7DF915277D6B002EC2C3 /* OpenGL.framework in Frameworks */ = {isa = PBXBuildFile; fileRef = 54EC7DF815277D6B002EC2C3 /* OpenGL.framework */; };
		54EC7DFB15277D71002EC2C3 /* QuartzCore.framework in Frameworks */ = {isa = PBXBuildFile; fileRef = 54EC7DFA15277D71002EC2C3 /* QuartzCore.framework */; };
/* End PBXBuildFile section */

/* Begin PBXFileReference section */
		54EC7D1615277C9D002EC2C3 /* Application.app */ = {isa = PBXFileReference; explicitFileType = wrapper.application; includeInIndex = 0; path = Application.app; sourceTree = BUILT_PRODUCTS_DIR; };
		54EC7D1A15277C9D002EC2C3 /* Cocoa.framework */ = {isa = PBXFileReference; lastKnownFileType = wrapper.framework; name = Cocoa.framework; path = System/Library/Frameworks/Cocoa.framework; sourceTree = SDKROOT; };
		54EC7D1D15277C9D002EC2C3 /* AppKit.framework */ = {isa = PBXFileReference; lastKnownFileType = wrapper.framework; name = AppKit.framework; path = System/Library/Frameworks/AppKit.framework; sourceTree = SDKROOT; };
		54EC7D1E15277C9D002EC2C3 /* CoreData.framework */ = {isa = PBXFileReference; lastKnownFileType = wrapper.framework; name = CoreData.framework; path = System/Library/Frameworks/CoreData.framework; sourceTree = SDKROOT; };
		54EC7D1F15277C9D002EC2C3 /* Foundation.framework */ = {isa = PBXFileReference; lastKnownFileType = wrapper.framework; name = Foundation.framework; path = System/Library/Frameworks/Foundation.framework; sourceTree = SDKROOT; };
		54EC7D2215277C9D002EC2C3 /* Application-Info.plist */ = {isa = PBXFileReference; lastKnownFileType = text.plist.xml; path = "Application-Info.plist"; sourceTree = "<group>"; };
		54EC7D2415277C9D002EC2C3 /* en */ = {isa = PBXFileReference; lastKnownFileType = text.plist.strings; name = en; path = en.lproj/InfoPlist.strings; sourceTree = "<group>"; };
		54EC7D2615277C9D002EC2C3 /* main.m */ = {isa = PBXFileReference; lastKnownFileType = sourcecode.c.objc; path = main.m; sourceTree = "<group>"; };
		54EC7D2815277C9D002EC2C3 /* Application-Prefix.pch */ = {isa = PBXFileReference; lastKnownFileType = sourcecode.c.h; path = "Application-Prefix.pch"; sourceTree = "<group>"; };
		54EC7D2A15277C9D002EC2C3 /* en */ = {isa = PBXFileReference; lastKnownFileType = text.rtf; name = en; path = en.lproj/Credits.rtf; sourceTree = "<group>"; };
		54EC7D3015277C9D002EC2C3 /* en */ = {isa = PBXFileReference; lastKnownFileType = file.xib; name = en; path = en.lproj/MainMenu.xib; sourceTree = "<group>"; };
		54EC7D4615277CE2002EC2C3 /* Application.cpp */ = {isa = PBXFileReference; fileEncoding = 4; lastKnownFileType = sourcecode.cpp.cpp; path = Application.cpp; sourceTree = "<group>"; };
		54EC7D4715277CE2002EC2C3 /* Application.h */ = {isa = PBXFileReference; fileEncoding = 4; lastKnownFileType = sourcecode.c.h; path = Application.h; sourceTree = "<group>"; };
		54EC7D4915277CE2002EC2C3 /* AppDelegate.h */ = {isa = PBXFileReference; fileEncoding = 4; lastKnownFileType = sourcecode.c.h; path = AppDelegate.h; sourceTree = "<group>"; };
		54EC7D4A15277CE2002EC2C3 /* AppDelegate.mm */ = {isa = PBXFileReference; fileEncoding = 4; lastKnownFileType = sourcecode.cpp.objcpp; path = AppDelegate.mm; sourceTree = "<group>"; };
		54EC7D4B15277CE2002EC2C3 /* MacApplication.h */ = {isa = PBXFileReference; fileEncoding = 4; lastKnownFileType = sourcecode.c.h; path = MacApplication.h; sourceTree = "<group>"; };
		54EC7D4C15277CE2002EC2C3 /* MacApplication.mm */ = {isa = PBXFileReference; fileEncoding = 4; lastKnownFileType = sourcecode.cpp.objcpp; path = MacApplication.mm; sourceTree = "<group>"; };
		54EC7D4D15277CE2002EC2C3 /* MacOpenGLView.h */ = {isa = PBXFileReference; fileEncoding = 4; lastKnownFileType = sourcecode.c.h; path = MacOpenGLView.h; sourceTree = "<group>"; };
		54EC7D4E15277CE2002EC2C3 /* MacOpenGLView.m */ = {isa = PBXFileReference; fileEncoding = 4; lastKnownFileType = sourcecode.c.objc; path = MacOpenGLView.m; sourceTree = "<group>"; };
		54EC7D5515277CF5002EC2C3 /* ArcBall.cpp */ = {isa = PBXFileReference; fileEncoding = 4; lastKnownFileType = sourcecode.cpp.cpp; path = ArcBall.cpp; sourceTree = "<group>"; };
		54EC7D5615277CF5002EC2C3 /* ArcBall.h */ = {isa = PBXFileReference; fileEncoding = 4; lastKnownFileType = sourcecode.c.h; path = ArcBall.h; sourceTree = "<group>"; };
		54EC7D5715277CF5002EC2C3 /* Camera.cpp */ = {isa = PBXFileReference; fileEncoding = 4; lastKnownFileType = sourcecode.cpp.cpp; path = Camera.cpp; sourceTree = "<group>"; };
		54EC7D5815277CF5002EC2C3 /* Camera.h */ = {isa = PBXFileReference; fileEncoding = 4; lastKnownFileType = sourcecode.c.h; path = Camera.h; sourceTree = "<group>"; };
		54EC7D5915277CF5002EC2C3 /* EasyCam.cpp */ = {isa = PBXFileReference; fileEncoding = 4; lastKnownFileType = sourcecode.cpp.cpp; path = EasyCam.cpp; sourceTree = "<group>"; };
		54EC7D5A15277CF5002EC2C3 /* EasyCam.h */ = {isa = PBXFileReference; fileEncoding = 4; lastKnownFileType = sourcecode.c.h; path = EasyCam.h; sourceTree = "<group>"; };
		54EC7D5B15277CF5002EC2C3 /* Effect.cpp */ = {isa = PBXFileReference; fileEncoding = 4; lastKnownFileType = sourcecode.cpp.cpp; path = Effect.cpp; sourceTree = "<group>"; };
		54EC7D5C15277CF5002EC2C3 /* Effect.h */ = {isa = PBXFileReference; fileEncoding = 4; lastKnownFileType = sourcecode.c.h; path = Effect.h; sourceTree = "<group>"; };
		54EC7D5D15277CF5002EC2C3 /* Light.cpp */ = {isa = PBXFileReference; fileEncoding = 4; lastKnownFileType = sourcecode.cpp.cpp; path = Light.cpp; sourceTree = "<group>"; };
		54EC7D5E15277CF5002EC2C3 /* Light.h */ = {isa = PBXFileReference; fileEncoding = 4; lastKnownFileType = sourcecode.c.h; path = Light.h; sourceTree = "<group>"; };
		54EC7D5F15277CF5002EC2C3 /* Material.cpp */ = {isa = PBXFileReference; fileEncoding = 4; lastKnownFileType = sourcecode.cpp.cpp; path = Material.cpp; sourceTree = "<group>"; };
		54EC7D6015277CF5002EC2C3 /* Material.h */ = {isa = PBXFileReference; fileEncoding = 4; lastKnownFileType = sourcecode.c.h; path = Material.h; sourceTree = "<group>"; };
		54EC7D6115277CF5002EC2C3 /* Quad.h */ = {isa = PBXFileReference; fileEncoding = 4; lastKnownFileType = sourcecode.c.h; path = Quad.h; sourceTree = "<group>"; };
		54EC7D6215277CF5002EC2C3 /* Ray.h */ = {isa = PBXFileReference; fileEncoding = 4; lastKnownFileType = sourcecode.c.h; path = Ray.h; sourceTree = "<group>"; };
		54EC7D6315277CF5002EC2C3 /* Renderer.cpp */ = {isa = PBXFileReference; fileEncoding = 4; lastKnownFileType = sourcecode.cpp.cpp; path = Renderer.cpp; sourceTree = "<group>"; };
		54EC7D6415277CF5002EC2C3 /* Renderer.h */ = {isa = PBXFileReference; fileEncoding = 4; lastKnownFileType = sourcecode.c.h; path = Renderer.h; sourceTree = "<group>"; };
		54EC7D6515277CF5002EC2C3 /* Scene.cpp */ = {isa = PBXFileReference; fileEncoding = 4; lastKnownFileType = sourcecode.cpp.cpp; path = Scene.cpp; sourceTree = "<group>"; };
		54EC7D6615277CF5002EC2C3 /* Scene.h */ = {isa = PBXFileReference; fileEncoding = 4; lastKnownFileType = sourcecode.c.h; path = Scene.h; sourceTree = "<group>"; };
		54EC7D6715277CF5002EC2C3 /* SceneItem.cpp */ = {isa = PBXFileReference; fileEncoding = 4; lastKnownFileType = sourcecode.cpp.cpp; path = SceneItem.cpp; sourceTree = "<group>"; };
		54EC7D6815277CF5002EC2C3 /* SceneItem.h */ = {isa = PBXFileReference; fileEncoding = 4; lastKnownFileType = sourcecode.c.h; path = SceneItem.h; sourceTree = "<group>"; };
		54EC7D6A15277CF5002EC2C3 /* Axis.cpp */ = {isa = PBXFileReference; fileEncoding = 4; lastKnownFileType = sourcecode.cpp.cpp; path = Axis.cpp; sourceTree = "<group>"; };
		54EC7D6B15277CF5002EC2C3 /* Axis.h */ = {isa = PBXFileReference; fileEncoding = 4; lastKnownFileType = sourcecode.c.h; path = Axis.h; sourceTree = "<group>"; };
		54EC7D6C15277CF5002EC2C3 /* Box.cpp */ = {isa = PBXFileReference; fileEncoding = 4; lastKnownFileType = sourcecode.cpp.cpp; path = Box.cpp; sourceTree = "<group>"; };
		54EC7D6D15277CF5002EC2C3 /* Box.h */ = {isa = PBXFileReference; fileEncoding = 4; lastKnownFileType = sourcecode.c.h; path = Box.h; sourceTree = "<group>"; };
		54EC7D6E15277CF5002EC2C3 /* IcoSphere.cpp */ = {isa = PBXFileReference; fileEncoding = 4; lastKnownFileType = sourcecode.cpp.cpp; path = IcoSphere.cpp; sourceTree = "<group>"; };
		54EC7D6F15277CF5002EC2C3 /* IcoSphere.h */ = {isa = PBXFileReference; fileEncoding = 4; lastKnownFileType = sourcecode.c.h; path = IcoSphere.h; sourceTree = "<group>"; };
		54EC7D7015277CF5002EC2C3 /* Plane.cpp */ = {isa = PBXFileReference; fileEncoding = 4; lastKnownFileType = sourcecode.cpp.cpp; path = Plane.cpp; sourceTree = "<group>"; };
		54EC7D7115277CF5002EC2C3 /* Plane.h */ = {isa = PBXFileReference; fileEncoding = 4; lastKnownFileType = sourcecode.c.h; path = Plane.h; sourceTree = "<group>"; };
		54EC7D7215277CF5002EC2C3 /* Sphere.cpp */ = {isa = PBXFileReference; fileEncoding = 4; lastKnownFileType = sourcecode.cpp.cpp; path = Sphere.cpp; sourceTree = "<group>"; };
		54EC7D7315277CF5002EC2C3 /* Sphere.h */ = {isa = PBXFileReference; fileEncoding = 4; lastKnownFileType = sourcecode.c.h; path = Sphere.h; sourceTree = "<group>"; };
		54EC7D7415277CF5002EC2C3 /* UVSphere.cpp */ = {isa = PBXFileReference; fileEncoding = 4; lastKnownFileType = sourcecode.cpp.cpp; path = UVSphere.cpp; sourceTree = "<group>"; };
		54EC7D7515277CF5002EC2C3 /* UVSphere.h */ = {isa = PBXFileReference; fileEncoding = 4; lastKnownFileType = sourcecode.c.h; path = UVSphere.h; sourceTree = "<group>"; };
		54EC7D7615277CF5002EC2C3 /* Triangle.h */ = {isa = PBXFileReference; fileEncoding = 4; lastKnownFileType = sourcecode.c.h; path = Triangle.h; sourceTree = "<group>"; };
		54EC7D7715277CF5002EC2C3 /* VertexData.cpp */ = {isa = PBXFileReference; fileEncoding = 4; lastKnownFileType = sourcecode.cpp.cpp; path = VertexData.cpp; sourceTree = "<group>"; };
		54EC7D7815277CF5002EC2C3 /* VertexData.h */ = {isa = PBXFileReference; fileEncoding = 4; lastKnownFileType = sourcecode.c.h; path = VertexData.h; sourceTree = "<group>"; };
		54EC7D7915277CF5002EC2C3 /* VertexTypes.h */ = {isa = PBXFileReference; fileEncoding = 4; lastKnownFileType = sourcecode.c.h; path = VertexTypes.h; sourceTree = "<group>"; };
		54EC7D7B15277CF5002EC2C3 /* Constants.h */ = {isa = PBXFileReference; fileEncoding = 4; lastKnownFileType = sourcecode.c.h; path = Constants.h; sourceTree = "<group>"; };
		54EC7D7C15277CF5002EC2C3 /* Noise.cpp */ = {isa = PBXFileReference; fileEncoding = 4; lastKnownFileType = sourcecode.cpp.cpp; path = Noise.cpp; sourceTree = "<group>"; };
		54EC7D7D15277CF5002EC2C3 /* Noise.h */ = {isa = PBXFileReference; fileEncoding = 4; lastKnownFileType = sourcecode.c.h; path = Noise.h; sourceTree = "<group>"; };
		54EC7D7E15277CF5002EC2C3 /* StringUtil.cpp */ = {isa = PBXFileReference; fileEncoding = 4; lastKnownFileType = sourcecode.cpp.cpp; path = StringUtil.cpp; sourceTree = "<group>"; };
		54EC7D7F15277CF5002EC2C3 /* StringUtil.h */ = {isa = PBXFileReference; fileEncoding = 4; lastKnownFileType = sourcecode.c.h; path = StringUtil.h; sourceTree = "<group>"; };
		54EC7D8015277CF5002EC2C3 /* Utils.cpp */ = {isa = PBXFileReference; fileEncoding = 4; lastKnownFileType = sourcecode.cpp.cpp; path = Utils.cpp; sourceTree = "<group>"; };
		54EC7D8115277CF5002EC2C3 /* Utils.h */ = {isa = PBXFileReference; fileEncoding = 4; lastKnownFileType = sourcecode.c.h; path = Utils.h; sourceTree = "<group>"; };
		54EC7D8415277CF5002EC2C3 /* __init__.py */ = {isa = PBXFileReference; fileEncoding = 4; lastKnownFileType = text.script.python; path = __init__.py; sourceTree = "<group>"; };
		54EC7D8515277CF5002EC2C3 /* ShaderGenerator.cpp */ = {isa = PBXFileReference; fileEncoding = 4; lastKnownFileType = sourcecode.cpp.cpp; path = ShaderGenerator.cpp; sourceTree = "<group>"; };
		54EC7D8615277CF5002EC2C3 /* ShaderGenerator.h */ = {isa = PBXFileReference; fileEncoding = 4; lastKnownFileType = sourcecode.c.h; path = ShaderGenerator.h; sourceTree = "<group>"; };
		54EC7D8815277CF5002EC2C3 /* uber.frag */ = {isa = PBXFileReference; fileEncoding = 4; lastKnownFileType = sourcecode.glsl; path = uber.frag; sourceTree = "<group>"; };
		54EC7D8915277CF5002EC2C3 /* uber.vert */ = {isa = PBXFileReference; fileEncoding = 4; lastKnownFileType = sourcecode.glsl; path = uber.vert; sourceTree = "<group>"; };
		54EC7D8A15277CF5002EC2C3 /* SimpleClient.cpp */ = {isa = PBXFileReference; fileEncoding = 4; lastKnownFileType = sourcecode.cpp.cpp; path = SimpleClient.cpp; sourceTree = "<group>"; };
		54EC7D8B15277CF5002EC2C3 /* SimpleClient.h */ = {isa = PBXFileReference; fileEncoding = 4; lastKnownFileType = sourcecode.c.h; path = SimpleClient.h; sourceTree = "<group>"; };
		54EC7D8C15277CF5002EC2C3 /* SimpleServer.h */ = {isa = PBXFileReference; fileEncoding = 4; lastKnownFileType = sourcecode.c.h; path = SimpleServer.h; sourceTree = "<group>"; };
		54EC7D8D15277CF5002EC2C3 /* Timer.h */ = {isa = PBXFileReference; fileEncoding = 4; lastKnownFileType = sourcecode.c.h; path = Timer.h; sourceTree = "<group>"; };
		54EC7D9315277CF5002EC2C3 /* Color.h */ = {isa = PBXFileReference; fileEncoding = 4; lastKnownFileType = sourcecode.c.h; path = Color.h; sourceTree = "<group>"; };
		54EC7D9415277CF5002EC2C3 /* Image.cpp */ = {isa = PBXFileReference; fileEncoding = 4; lastKnownFileType = sourcecode.cpp.cpp; path = Image.cpp; sourceTree = "<group>"; };
		54EC7D9515277CF5002EC2C3 /* Image.h */ = {isa = PBXFileReference; fileEncoding = 4; lastKnownFileType = sourcecode.c.h; path = Image.h; sourceTree = "<group>"; };
		54EC7D9715277CF5002EC2C3 /* Dictionary.cpp */ = {isa = PBXFileReference; fileEncoding = 4; lastKnownFileType = sourcecode.cpp.cpp; path = Dictionary.cpp; sourceTree = "<group>"; };
		54EC7D9815277CF5002EC2C3 /* Dictionary.h */ = {isa = PBXFileReference; fileEncoding = 4; lastKnownFileType = sourcecode.c.h; path = Dictionary.h; sourceTree = "<group>"; };
		54EC7D9915277CF5002EC2C3 /* DictionaryMap.cpp */ = {isa = PBXFileReference; fileEncoding = 4; lastKnownFileType = sourcecode.cpp.cpp; path = DictionaryMap.cpp; sourceTree = "<group>"; };
		54EC7D9A15277CF5002EC2C3 /* DictionaryMap.h */ = {isa = PBXFileReference; fileEncoding = 4; lastKnownFileType = sourcecode.c.h; path = DictionaryMap.h; sourceTree = "<group>"; };
		54EC7D9B15277CF5002EC2C3 /* Endianness.h */ = {isa = PBXFileReference; fileEncoding = 4; lastKnownFileType = sourcecode.c.h; path = Endianness.h; sourceTree = "<group>"; };
		54EC7D9C15277CF5002EC2C3 /* File.cpp */ = {isa = PBXFileReference; fileEncoding = 4; lastKnownFileType = sourcecode.cpp.cpp; path = File.cpp; sourceTree = "<group>"; };
		54EC7D9D15277CF5002EC2C3 /* File.h */ = {isa = PBXFileReference; fileEncoding = 4; lastKnownFileType = sourcecode.c.h; path = File.h; sourceTree = "<group>"; };
		54EC7D9E15277CF5002EC2C3 /* INI.cpp */ = {isa = PBXFileReference; fileEncoding = 4; lastKnownFileType = sourcecode.cpp.cpp; path = INI.cpp; sourceTree = "<group>"; };
		54EC7D9F15277CF5002EC2C3 /* INI.h */ = {isa = PBXFileReference; fileEncoding = 4; lastKnownFileType = sourcecode.c.h; path = INI.h; sourceTree = "<group>"; };
		54EC7DA015277CF5002EC2C3 /* IOBuffer.cpp */ = {isa = PBXFileReference; fileEncoding = 4; lastKnownFileType = sourcecode.cpp.cpp; path = IOBuffer.cpp; sourceTree = "<group>"; };
		54EC7DA115277CF5002EC2C3 /* IOBuffer.h */ = {isa = PBXFileReference; fileEncoding = 4; lastKnownFileType = sourcecode.c.h; path = IOBuffer.h; sourceTree = "<group>"; };
		54EC7DA215277CF5002EC2C3 /* OBJ.cpp */ = {isa = PBXFileReference; fileEncoding = 4; lastKnownFileType = sourcecode.cpp.cpp; path = OBJ.cpp; sourceTree = "<group>"; };
		54EC7DA315277CF5002EC2C3 /* OBJ.h */ = {isa = PBXFileReference; fileEncoding = 4; lastKnownFileType = sourcecode.c.h; path = OBJ.h; sourceTree = "<group>"; };
		54EC7DA415277CF5002EC2C3 /* Ply.cpp */ = {isa = PBXFileReference; fileEncoding = 4; lastKnownFileType = sourcecode.cpp.cpp; path = Ply.cpp; sourceTree = "<group>"; };
		54EC7DA515277CF5002EC2C3 /* Ply.h */ = {isa = PBXFileReference; fileEncoding = 4; lastKnownFileType = sourcecode.c.h; path = Ply.h; sourceTree = "<group>"; };
		54EC7DA615277CF5002EC2C3 /* R3F.cpp */ = {isa = PBXFileReference; fileEncoding = 4; lastKnownFileType = sourcecode.cpp.cpp; path = R3F.cpp; sourceTree = "<group>"; };
		54EC7DA715277CF5002EC2C3 /* R3F.h */ = {isa = PBXFileReference; fileEncoding = 4; lastKnownFileType = sourcecode.c.h; path = R3F.h; sourceTree = "<group>"; };
		54EC7DA915277CF5002EC2C3 /* Interpolator.h */ = {isa = PBXFileReference; fileEncoding = 4; lastKnownFileType = sourcecode.c.h; path = Interpolator.h; sourceTree = "<group>"; };
		54EC7DAA15277CF5002EC2C3 /* Mat3.cpp */ = {isa = PBXFileReference; fileEncoding = 4; lastKnownFileType = sourcecode.cpp.cpp; path = Mat3.cpp; sourceTree = "<group>"; };
		54EC7DAB15277CF5002EC2C3 /* Mat3.h */ = {isa = PBXFileReference; fileEncoding = 4; lastKnownFileType = sourcecode.c.h; path = Mat3.h; sourceTree = "<group>"; };
		54EC7DAC15277CF5002EC2C3 /* Mat4.cpp */ = {isa = PBXFileReference; fileEncoding = 4; lastKnownFileType = sourcecode.cpp.cpp; path = Mat4.cpp; sourceTree = "<group>"; };
		54EC7DAD15277CF5002EC2C3 /* Mat4.h */ = {isa = PBXFileReference; fileEncoding = 4; lastKnownFileType = sourcecode.c.h; path = Mat4.h; sourceTree = "<group>"; };
		54EC7DAE15277CF5002EC2C3 /* Quat.cpp */ = {isa = PBXFileReference; fileEncoding = 4; lastKnownFileType = sourcecode.cpp.cpp; path = Quat.cpp; sourceTree = "<group>"; };
		54EC7DAF15277CF5002EC2C3 /* Quat.h */ = {isa = PBXFileReference; fileEncoding = 4; lastKnownFileType = sourcecode.c.h; path = Quat.h; sourceTree = "<group>"; };
		54EC7DB015277CF5002EC2C3 /* Vec2.cpp */ = {isa = PBXFileReference; fileEncoding = 4; lastKnownFileType = sourcecode.cpp.cpp; path = Vec2.cpp; sourceTree = "<group>"; };
		54EC7DB115277CF5002EC2C3 /* Vec2.h */ = {isa = PBXFileReference; fileEncoding = 4; lastKnownFileType = sourcecode.c.h; path = Vec2.h; sourceTree = "<group>"; };
		54EC7DB215277CF5002EC2C3 /* Vec3.cpp */ = {isa = PBXFileReference; fileEncoding = 4; lastKnownFileType = sourcecode.cpp.cpp; path = Vec3.cpp; sourceTree = "<group>"; };
		54EC7DB315277CF5002EC2C3 /* Vec3.h */ = {isa = PBXFileReference; fileEncoding = 4; lastKnownFileType = sourcecode.c.h; path = Vec3.h; sourceTree = "<group>"; };
		54EC7DB415277CF5002EC2C3 /* Vec4.cpp */ = {isa = PBXFileReference; fileEncoding = 4; lastKnownFileType = sourcecode.cpp.cpp; path = Vec4.cpp; sourceTree = "<group>"; };
		54EC7DB515277CF5002EC2C3 /* Vec4.h */ = {isa = PBXFileReference; fileEncoding = 4; lastKnownFileType = sourcecode.c.h; path = Vec4.h; sourceTree = "<group>"; };
		54EC7DB715277CF5002EC2C3 /* Error.h */ = {isa = PBXFileReference; fileEncoding = 4; lastKnownFileType = sourcecode.c.h; path = Error.h; sourceTree = "<group>"; };
		54EC7DB815277CF5002EC2C3 /* FBO.cpp */ = {isa = PBXFileReference; fileEncoding = 4; lastKnownFileType = sourcecode.cpp.cpp; path = FBO.cpp; sourceTree = "<group>"; };
		54EC7DB915277CF5002EC2C3 /* FBO.h */ = {isa = PBXFileReference; fileEncoding = 4; lastKnownFileType = sourcecode.c.h; path = FBO.h; sourceTree = "<group>"; };
		54EC7DBA15277CF5002EC2C3 /* MatrixStrack.cpp */ = {isa = PBXFileReference; fileEncoding = 4; lastKnownFileType = sourcecode.cpp.cpp; path = MatrixStrack.cpp; sourceTree = "<group>"; };
		54EC7DBB15277CF5002EC2C3 /* MatrixStrack.h */ = {isa = PBXFileReference; fileEncoding = 4; lastKnownFileType = sourcecode.c.h; path = MatrixStrack.h; sourceTree = "<group>"; };
		54EC7DBC15277CF5002EC2C3 /* OpenGL.h */ = {isa = PBXFileReference; fileEncoding = 4; lastKnownFileType = sourcecode.c.h; path = OpenGL.h; sourceTree = "<group>"; };
		54EC7DBD15277CF5002EC2C3 /* PBO.cpp */ = {isa = PBXFileReference; fileEncoding = 4; lastKnownFileType = sourcecode.cpp.cpp; path = PBO.cpp; sourceTree = "<group>"; };
		54EC7DBE15277CF5002EC2C3 /* PBO.h */ = {isa = PBXFileReference; fileEncoding = 4; lastKnownFileType = sourcecode.c.h; path = PBO.h; sourceTree = "<group>"; };
		54EC7DBF15277CF5002EC2C3 /* Shader.cpp */ = {isa = PBXFileReference; fileEncoding = 4; lastKnownFileType = sourcecode.cpp.cpp; path = Shader.cpp; sourceTree = "<group>"; };
		54EC7DC015277CF5002EC2C3 /* Shader.h */ = {isa = PBXFileReference; fileEncoding = 4; lastKnownFileType = sourcecode.c.h; path = Shader.h; sourceTree = "<group>"; };
		54EC7DC115277CF5002EC2C3 /* Texture.cpp */ = {isa = PBXFileReference; fileEncoding = 4; lastKnownFileType = sourcecode.cpp.cpp; path = Texture.cpp; sourceTree = "<group>"; };
		54EC7DC215277CF5002EC2C3 /* Texture.h */ = {isa = PBXFileReference; fileEncoding = 4; lastKnownFileType = sourcecode.c.h; path = Texture.h; sourceTree = "<group>"; };
		54EC7DC315277CF5002EC2C3 /* VAO.cpp */ = {isa = PBXFileReference; fileEncoding = 4; lastKnownFileType = sourcecode.cpp.cpp; path = VAO.cpp; sourceTree = "<group>"; };
		54EC7DC415277CF5002EC2C3 /* VAO.h */ = {isa = PBXFileReference; fileEncoding = 4; lastKnownFileType = sourcecode.c.h; path = VAO.h; sourceTree = "<group>"; };
		54EC7DC515277CF5002EC2C3 /* VBO.cpp */ = {isa = PBXFileReference; fileEncoding = 4; lastKnownFileType = sourcecode.cpp.cpp; path = VBO.cpp; sourceTree = "<group>"; };
		54EC7DC615277CF5002EC2C3 /* VBO.h */ = {isa = PBXFileReference; fileEncoding = 4; lastKnownFileType = sourcecode.c.h; path = VBO.h; sourceTree = "<group>"; };
		54EC7DC715277CF5002EC2C3 /* Roxlu.h */ = {isa = PBXFileReference; fileEncoding = 4; lastKnownFileType = sourcecode.c.h; name = Roxlu.h; path = ../../../of/addons_diederick/roxlu/src/roxlu/Roxlu.h; sourceTree = "<group>"; };
		54EC7DF815277D6B002EC2C3 /* OpenGL.framework */ = {isa = PBXFileReference; lastKnownFileType = wrapper.framework; name = OpenGL.framework; path = System/Library/Frameworks/OpenGL.framework; sourceTree = SDKROOT; };
		54EC7DFA15277D71002EC2C3 /* QuartzCore.framework */ = {isa = PBXFileReference; lastKnownFileType = wrapper.framework; name = QuartzCore.framework; path = System/Library/Frameworks/QuartzCore.framework; sourceTree = SDKROOT; };
/* End PBXFileReference section */

/* Begin PBXFrameworksBuildPhase section */
		54EC7D1315277C9D002EC2C3 /* Frameworks */ = {
			isa = PBXFrameworksBuildPhase;
			buildActionMask = 2147483647;
			files = (
				54EC7DFB15277D71002EC2C3 /* QuartzCore.framework in Frameworks */,
				54EC7DF915277D6B002EC2C3 /* OpenGL.framework in Frameworks */,
				54EC7D1B15277C9D002EC2C3 /* Cocoa.framework in Frameworks */,
			);
			runOnlyForDeploymentPostprocessing = 0;
		};
/* End PBXFrameworksBuildPhase section */

/* Begin PBXGroup section */
		54EC7D0B15277C9D002EC2C3 = {
			isa = PBXGroup;
			children = (
				54EC7D2015277C9D002EC2C3 /* Application */,
				54EC7D1915277C9D002EC2C3 /* Frameworks */,
				54EC7D1715277C9D002EC2C3 /* Products */,
			);
			sourceTree = "<group>";
		};
		54EC7D1715277C9D002EC2C3 /* Products */ = {
			isa = PBXGroup;
			children = (
				54EC7D1615277C9D002EC2C3 /* Application.app */,
			);
			name = Products;
			sourceTree = "<group>";
		};
		54EC7D1915277C9D002EC2C3 /* Frameworks */ = {
			isa = PBXGroup;
			children = (
				54EC7DFA15277D71002EC2C3 /* QuartzCore.framework */,
				54EC7DF815277D6B002EC2C3 /* OpenGL.framework */,
				54EC7D1A15277C9D002EC2C3 /* Cocoa.framework */,
				54EC7D1C15277C9D002EC2C3 /* Other Frameworks */,
			);
			name = Frameworks;
			sourceTree = "<group>";
		};
		54EC7D1C15277C9D002EC2C3 /* Other Frameworks */ = {
			isa = PBXGroup;
			children = (
				54EC7D1D15277C9D002EC2C3 /* AppKit.framework */,
				54EC7D1E15277C9D002EC2C3 /* CoreData.framework */,
				54EC7D1F15277C9D002EC2C3 /* Foundation.framework */,
			);
			name = "Other Frameworks";
			sourceTree = "<group>";
		};
		54EC7D2015277C9D002EC2C3 /* Application */ = {
			isa = PBXGroup;
			children = (
				54EC7D5315277CE7002EC2C3 /* roxlu */,
				54EC7D4515277CE2002EC2C3 /* src */,
				54EC7D2115277C9D002EC2C3 /* Supporting Files */,
			);
			path = Application;
			sourceTree = "<group>";
		};
		54EC7D2115277C9D002EC2C3 /* Supporting Files */ = {
			isa = PBXGroup;
			children = (
				54EC7D2215277C9D002EC2C3 /* Application-Info.plist */,
				54EC7D2315277C9D002EC2C3 /* InfoPlist.strings */,
				54EC7D2615277C9D002EC2C3 /* main.m */,
				54EC7D2815277C9D002EC2C3 /* Application-Prefix.pch */,
				54EC7D2915277C9D002EC2C3 /* Credits.rtf */,
			);
			name = "Supporting Files";
			sourceTree = "<group>";
		};
		54EC7D4515277CE2002EC2C3 /* src */ = {
			isa = PBXGroup;
			children = (
				54EC7D2F15277C9D002EC2C3 /* MainMenu.xib */,
				54EC7D4615277CE2002EC2C3 /* Application.cpp */,
				54EC7D4715277CE2002EC2C3 /* Application.h */,
				54EC7D4815277CE2002EC2C3 /* mac */,
			);
			path = src;
			sourceTree = "<group>";
		};
		54EC7D4815277CE2002EC2C3 /* mac */ = {
			isa = PBXGroup;
			children = (
				54EC7D4915277CE2002EC2C3 /* AppDelegate.h */,
				54EC7D4A15277CE2002EC2C3 /* AppDelegate.mm */,
				54EC7D4B15277CE2002EC2C3 /* MacApplication.h */,
				54EC7D4C15277CE2002EC2C3 /* MacApplication.mm */,
				54EC7D4D15277CE2002EC2C3 /* MacOpenGLView.h */,
				54EC7D4E15277CE2002EC2C3 /* MacOpenGLView.m */,
			);
			path = mac;
			sourceTree = "<group>";
		};
		54EC7D5315277CE7002EC2C3 /* roxlu */ = {
			isa = PBXGroup;
			children = (
				54EC7D5415277CF5002EC2C3 /* 3d */,
				54EC7D7A15277CF5002EC2C3 /* core */,
				54EC7D8215277CF5002EC2C3 /* experimental */,
				54EC7D9215277CF5002EC2C3 /* graphics */,
				54EC7D9615277CF5002EC2C3 /* io */,
				54EC7DA815277CF5002EC2C3 /* math */,
				54EC7DB615277CF5002EC2C3 /* opengl */,
				54EC7DC715277CF5002EC2C3 /* Roxlu.h */,
			);
			name = roxlu;
			sourceTree = "<group>";
		};
		54EC7D5415277CF5002EC2C3 /* 3d */ = {
			isa = PBXGroup;
			children = (
				54EC7D5515277CF5002EC2C3 /* ArcBall.cpp */,
				54EC7D5615277CF5002EC2C3 /* ArcBall.h */,
				54EC7D5715277CF5002EC2C3 /* Camera.cpp */,
				54EC7D5815277CF5002EC2C3 /* Camera.h */,
				54EC7D5915277CF5002EC2C3 /* EasyCam.cpp */,
				54EC7D5A15277CF5002EC2C3 /* EasyCam.h */,
				54EC7D5B15277CF5002EC2C3 /* Effect.cpp */,
				54EC7D5C15277CF5002EC2C3 /* Effect.h */,
				54EC7D5D15277CF5002EC2C3 /* Light.cpp */,
				54EC7D5E15277CF5002EC2C3 /* Light.h */,
				54EC7D5F15277CF5002EC2C3 /* Material.cpp */,
				54EC7D6015277CF5002EC2C3 /* Material.h */,
				54EC7D6115277CF5002EC2C3 /* Quad.h */,
				54EC7D6215277CF5002EC2C3 /* Ray.h */,
				54EC7D6315277CF5002EC2C3 /* Renderer.cpp */,
				54EC7D6415277CF5002EC2C3 /* Renderer.h */,
				54EC7D6515277CF5002EC2C3 /* Scene.cpp */,
				54EC7D6615277CF5002EC2C3 /* Scene.h */,
				54EC7D6715277CF5002EC2C3 /* SceneItem.cpp */,
				54EC7D6815277CF5002EC2C3 /* SceneItem.h */,
				54EC7D6915277CF5002EC2C3 /* shapes */,
				54EC7D7615277CF5002EC2C3 /* Triangle.h */,
				54EC7D7715277CF5002EC2C3 /* VertexData.cpp */,
				54EC7D7815277CF5002EC2C3 /* VertexData.h */,
				54EC7D7915277CF5002EC2C3 /* VertexTypes.h */,
			);
			name = 3d;
			path = ../../../of/addons_diederick/roxlu/src/roxlu/3d;
			sourceTree = "<group>";
		};
		54EC7D6915277CF5002EC2C3 /* shapes */ = {
			isa = PBXGroup;
			children = (
				54EC7D6A15277CF5002EC2C3 /* Axis.cpp */,
				54EC7D6B15277CF5002EC2C3 /* Axis.h */,
				54EC7D6C15277CF5002EC2C3 /* Box.cpp */,
				54EC7D6D15277CF5002EC2C3 /* Box.h */,
				54EC7D6E15277CF5002EC2C3 /* IcoSphere.cpp */,
				54EC7D6F15277CF5002EC2C3 /* IcoSphere.h */,
				54EC7D7015277CF5002EC2C3 /* Plane.cpp */,
				54EC7D7115277CF5002EC2C3 /* Plane.h */,
				54EC7D7215277CF5002EC2C3 /* Sphere.cpp */,
				54EC7D7315277CF5002EC2C3 /* Sphere.h */,
				54EC7D7415277CF5002EC2C3 /* UVSphere.cpp */,
				54EC7D7515277CF5002EC2C3 /* UVSphere.h */,
			);
			path = shapes;
			sourceTree = "<group>";
		};
		54EC7D7A15277CF5002EC2C3 /* core */ = {
			isa = PBXGroup;
			children = (
				54EC7D7B15277CF5002EC2C3 /* Constants.h */,
				54EC7D7C15277CF5002EC2C3 /* Noise.cpp */,
				54EC7D7D15277CF5002EC2C3 /* Noise.h */,
				54EC7D7E15277CF5002EC2C3 /* StringUtil.cpp */,
				54EC7D7F15277CF5002EC2C3 /* StringUtil.h */,
				54EC7D8015277CF5002EC2C3 /* Utils.cpp */,
				54EC7D8115277CF5002EC2C3 /* Utils.h */,
			);
			name = core;
			path = ../../../of/addons_diederick/roxlu/src/roxlu/core;
			sourceTree = "<group>";
		};
		54EC7D8215277CF5002EC2C3 /* experimental */ = {
			isa = PBXGroup;
			children = (
				54EC7D8315277CF5002EC2C3 /* blender */,
				54EC7D8515277CF5002EC2C3 /* ShaderGenerator.cpp */,
				54EC7D8615277CF5002EC2C3 /* ShaderGenerator.h */,
				54EC7D8715277CF5002EC2C3 /* shaders */,
				54EC7D8A15277CF5002EC2C3 /* SimpleClient.cpp */,
				54EC7D8B15277CF5002EC2C3 /* SimpleClient.h */,
				54EC7D8C15277CF5002EC2C3 /* SimpleServer.h */,
				54EC7D8D15277CF5002EC2C3 /* Timer.h */,
			);
			name = experimental;
			path = ../../../of/addons_diederick/roxlu/src/roxlu/experimental;
			sourceTree = "<group>";
		};
		54EC7D8315277CF5002EC2C3 /* blender */ = {
			isa = PBXGroup;
			children = (
				54EC7D8415277CF5002EC2C3 /* __init__.py */,
			);
			path = blender;
			sourceTree = "<group>";
		};
		54EC7D8715277CF5002EC2C3 /* shaders */ = {
			isa = PBXGroup;
			children = (
				54EC7D8815277CF5002EC2C3 /* uber.frag */,
				54EC7D8915277CF5002EC2C3 /* uber.vert */,
			);
			path = shaders;
			sourceTree = "<group>";
		};
		54EC7D9215277CF5002EC2C3 /* graphics */ = {
			isa = PBXGroup;
			children = (
				54EC7D9315277CF5002EC2C3 /* Color.h */,
				54EC7D9415277CF5002EC2C3 /* Image.cpp */,
				54EC7D9515277CF5002EC2C3 /* Image.h */,
			);
			name = graphics;
			path = ../../../of/addons_diederick/roxlu/src/roxlu/graphics;
			sourceTree = "<group>";
		};
		54EC7D9615277CF5002EC2C3 /* io */ = {
			isa = PBXGroup;
			children = (
				54EC7D9715277CF5002EC2C3 /* Dictionary.cpp */,
				54EC7D9815277CF5002EC2C3 /* Dictionary.h */,
				54EC7D9915277CF5002EC2C3 /* DictionaryMap.cpp */,
				54EC7D9A15277CF5002EC2C3 /* DictionaryMap.h */,
				54EC7D9B15277CF5002EC2C3 /* Endianness.h */,
				54EC7D9C15277CF5002EC2C3 /* File.cpp */,
				54EC7D9D15277CF5002EC2C3 /* File.h */,
				54EC7D9E15277CF5002EC2C3 /* INI.cpp */,
				54EC7D9F15277CF5002EC2C3 /* INI.h */,
				54EC7DA015277CF5002EC2C3 /* IOBuffer.cpp */,
				54EC7DA115277CF5002EC2C3 /* IOBuffer.h */,
				54EC7DA215277CF5002EC2C3 /* OBJ.cpp */,
				54EC7DA315277CF5002EC2C3 /* OBJ.h */,
				54EC7DA415277CF5002EC2C3 /* Ply.cpp */,
				54EC7DA515277CF5002EC2C3 /* Ply.h */,
				54EC7DA615277CF5002EC2C3 /* R3F.cpp */,
				54EC7DA715277CF5002EC2C3 /* R3F.h */,
			);
			name = io;
			path = ../../../of/addons_diederick/roxlu/src/roxlu/io;
			sourceTree = "<group>";
		};
		54EC7DA815277CF5002EC2C3 /* math */ = {
			isa = PBXGroup;
			children = (
				54EC7DA915277CF5002EC2C3 /* Interpolator.h */,
				54EC7DAA15277CF5002EC2C3 /* Mat3.cpp */,
				54EC7DAB15277CF5002EC2C3 /* Mat3.h */,
				54EC7DAC15277CF5002EC2C3 /* Mat4.cpp */,
				54EC7DAD15277CF5002EC2C3 /* Mat4.h */,
				54EC7DAE15277CF5002EC2C3 /* Quat.cpp */,
				54EC7DAF15277CF5002EC2C3 /* Quat.h */,
				54EC7DB015277CF5002EC2C3 /* Vec2.cpp */,
				54EC7DB115277CF5002EC2C3 /* Vec2.h */,
				54EC7DB215277CF5002EC2C3 /* Vec3.cpp */,
				54EC7DB315277CF5002EC2C3 /* Vec3.h */,
				54EC7DB415277CF5002EC2C3 /* Vec4.cpp */,
				54EC7DB515277CF5002EC2C3 /* Vec4.h */,
			);
			name = math;
			path = ../../../of/addons_diederick/roxlu/src/roxlu/math;
			sourceTree = "<group>";
		};
		54EC7DB615277CF5002EC2C3 /* opengl */ = {
			isa = PBXGroup;
			children = (
				54EC7DB715277CF5002EC2C3 /* Error.h */,
				54EC7DB815277CF5002EC2C3 /* FBO.cpp */,
				54EC7DB915277CF5002EC2C3 /* FBO.h */,
				54EC7DBA15277CF5002EC2C3 /* MatrixStrack.cpp */,
				54EC7DBB15277CF5002EC2C3 /* MatrixStrack.h */,
				54EC7DBC15277CF5002EC2C3 /* OpenGL.h */,
				54EC7DBD15277CF5002EC2C3 /* PBO.cpp */,
				54EC7DBE15277CF5002EC2C3 /* PBO.h */,
				54EC7DBF15277CF5002EC2C3 /* Shader.cpp */,
				54EC7DC015277CF5002EC2C3 /* Shader.h */,
				54EC7DC115277CF5002EC2C3 /* Texture.cpp */,
				54EC7DC215277CF5002EC2C3 /* Texture.h */,
				54EC7DC315277CF5002EC2C3 /* VAO.cpp */,
				54EC7DC415277CF5002EC2C3 /* VAO.h */,
				54EC7DC515277CF5002EC2C3 /* VBO.cpp */,
				54EC7DC615277CF5002EC2C3 /* VBO.h */,
			);
			name = opengl;
			path = ../../../of/addons_diederick/roxlu/src/roxlu/opengl;
			sourceTree = "<group>";
		};
/* End PBXGroup section */

/* Begin PBXNativeTarget section */
		54EC7D1515277C9D002EC2C3 /* Application */ = {
			isa = PBXNativeTarget;
			buildConfigurationList = 54EC7D3415277C9D002EC2C3 /* Build configuration list for PBXNativeTarget "Application" */;
			buildPhases = (
				54EC7D1215277C9D002EC2C3 /* Sources */,
				54EC7D1315277C9D002EC2C3 /* Frameworks */,
				54EC7D1415277C9D002EC2C3 /* Resources */,
			);
			buildRules = (
			);
			dependencies = (
			);
			name = Application;
			productName = Application;
			productReference = 54EC7D1615277C9D002EC2C3 /* Application.app */;
			productType = "com.apple.product-type.application";
		};
/* End PBXNativeTarget section */

/* Begin PBXProject section */
		54EC7D0D15277C9D002EC2C3 /* Project object */ = {
			isa = PBXProject;
			attributes = {
				LastUpgradeCheck = 0420;
				ORGANIZATIONNAME = ApolloMedia;
			};
			buildConfigurationList = 54EC7D1015277C9D002EC2C3 /* Build configuration list for PBXProject "Application" */;
			compatibilityVersion = "Xcode 3.2";
			developmentRegion = English;
			hasScannedForEncodings = 0;
			knownRegions = (
				en,
			);
			mainGroup = 54EC7D0B15277C9D002EC2C3;
			productRefGroup = 54EC7D1715277C9D002EC2C3 /* Products */;
			projectDirPath = "";
			projectRoot = "";
			targets = (
				54EC7D1515277C9D002EC2C3 /* Application */,
			);
		};
/* End PBXProject section */

/* Begin PBXResourcesBuildPhase section */
		54EC7D1415277C9D002EC2C3 /* Resources */ = {
			isa = PBXResourcesBuildPhase;
			buildActionMask = 2147483647;
			files = (
				54EC7D2515277C9D002EC2C3 /* InfoPlist.strings in Resources */,
				54EC7D2B15277C9D002EC2C3 /* Credits.rtf in Resources */,
				54EC7D3115277C9D002EC2C3 /* MainMenu.xib in Resources */,
				54EC7DDB15277CF5002EC2C3 /* __init__.py in Resources */,
			);
			runOnlyForDeploymentPostprocessing = 0;
		};
/* End PBXResourcesBuildPhase section */

/* Begin PBXSourcesBuildPhase section */
		54EC7D1215277C9D002EC2C3 /* Sources */ = {
			isa = PBXSourcesBuildPhase;
			buildActionMask = 2147483647;
			files = (
				54EC7D2715277C9D002EC2C3 /* main.m in Sources */,
				54EC7D4F15277CE2002EC2C3 /* Application.cpp in Sources */,
				54EC7D5015277CE2002EC2C3 /* AppDelegate.mm in Sources */,
				54EC7D5115277CE2002EC2C3 /* MacApplication.mm in Sources */,
				54EC7D5215277CE2002EC2C3 /* MacOpenGLView.m in Sources */,
				54EC7DC815277CF5002EC2C3 /* ArcBall.cpp in Sources */,
				54EC7DC915277CF5002EC2C3 /* Camera.cpp in Sources */,
				54EC7DCA15277CF5002EC2C3 /* EasyCam.cpp in Sources */,
				54EC7DCB15277CF5002EC2C3 /* Effect.cpp in Sources */,
				54EC7DCC15277CF5002EC2C3 /* Light.cpp in Sources */,
				54EC7DCD15277CF5002EC2C3 /* Material.cpp in Sources */,
				54EC7DCE15277CF5002EC2C3 /* Renderer.cpp in Sources */,
				54EC7DCF15277CF5002EC2C3 /* Scene.cpp in Sources */,
				54EC7DD015277CF5002EC2C3 /* SceneItem.cpp in Sources */,
				54EC7DD115277CF5002EC2C3 /* Axis.cpp in Sources */,
				54EC7DD215277CF5002EC2C3 /* Box.cpp in Sources */,
				54EC7DD315277CF5002EC2C3 /* IcoSphere.cpp in Sources */,
				54EC7DD415277CF5002EC2C3 /* Plane.cpp in Sources */,
				54EC7DD515277CF5002EC2C3 /* Sphere.cpp in Sources */,
				54EC7DD615277CF5002EC2C3 /* UVSphere.cpp in Sources */,
				54EC7DD715277CF5002EC2C3 /* VertexData.cpp in Sources */,
				54EC7DD815277CF5002EC2C3 /* Noise.cpp in Sources */,
				54EC7DD915277CF5002EC2C3 /* StringUtil.cpp in Sources */,
				54EC7DDA15277CF5002EC2C3 /* Utils.cpp in Sources */,
				54EC7DDC15277CF5002EC2C3 /* ShaderGenerator.cpp in Sources */,
				54EC7DDD15277CF5002EC2C3 /* uber.frag in Sources */,
				54EC7DDE15277CF5002EC2C3 /* uber.vert in Sources */,
				54EC7DDF15277CF5002EC2C3 /* SimpleClient.cpp in Sources */,
				54EC7DE215277CF5002EC2C3 /* Image.cpp in Sources */,
				54EC7DE315277CF5002EC2C3 /* Dictionary.cpp in Sources */,
				54EC7DE415277CF5002EC2C3 /* DictionaryMap.cpp in Sources */,
				54EC7DE515277CF5002EC2C3 /* File.cpp in Sources */,
				54EC7DE615277CF5002EC2C3 /* INI.cpp in Sources */,
				54EC7DE715277CF5002EC2C3 /* IOBuffer.cpp in Sources */,
				54EC7DE815277CF5002EC2C3 /* OBJ.cpp in Sources */,
				54EC7DE915277CF5002EC2C3 /* Ply.cpp in Sources */,
				54EC7DEA15277CF5002EC2C3 /* R3F.cpp in Sources */,
				54EC7DEB15277CF5002EC2C3 /* Mat3.cpp in Sources */,
				54EC7DEC15277CF5002EC2C3 /* Mat4.cpp in Sources */,
				54EC7DED15277CF5002EC2C3 /* Quat.cpp in Sources */,
				54EC7DEE15277CF5002EC2C3 /* Vec2.cpp in Sources */,
				54EC7DEF15277CF5002EC2C3 /* Vec3.cpp in Sources */,
				54EC7DF015277CF5002EC2C3 /* Vec4.cpp in Sources */,
				54EC7DF115277CF5002EC2C3 /* FBO.cpp in Sources */,
				54EC7DF215277CF5002EC2C3 /* MatrixStrack.cpp in Sources */,
				54EC7DF315277CF5002EC2C3 /* PBO.cpp in Sources */,
				54EC7DF415277CF5002EC2C3 /* Shader.cpp in Sources */,
				54EC7DF515277CF5002EC2C3 /* Texture.cpp in Sources */,
				54EC7DF615277CF5002EC2C3 /* VAO.cpp in Sources */,
				54EC7DF715277CF5002EC2C3 /* VBO.cpp in Sources */,
			);
			runOnlyForDeploymentPostprocessing = 0;
		};
/* End PBXSourcesBuildPhase section */

/* Begin PBXVariantGroup section */
		54EC7D2315277C9D002EC2C3 /* InfoPlist.strings */ = {
			isa = PBXVariantGroup;
			children = (
				54EC7D2415277C9D002EC2C3 /* en */,
			);
			name = InfoPlist.strings;
			sourceTree = "<group>";
		};
		54EC7D2915277C9D002EC2C3 /* Credits.rtf */ = {
			isa = PBXVariantGroup;
			children = (
				54EC7D2A15277C9D002EC2C3 /* en */,
			);
			name = Credits.rtf;
			sourceTree = "<group>";
		};
		54EC7D2F15277C9D002EC2C3 /* MainMenu.xib */ = {
			isa = PBXVariantGroup;
			children = (
				54EC7D3015277C9D002EC2C3 /* en */,
			);
			name = MainMenu.xib;
			path = ..;
			sourceTree = "<group>";
		};
/* End PBXVariantGroup section */

/* Begin XCBuildConfiguration section */
		54EC7D3215277C9D002EC2C3 /* Debug */ = {
			isa = XCBuildConfiguration;
			buildSettings = {
				ALWAYS_SEARCH_USER_PATHS = NO;
				ARCHS = "$(ARCHS_STANDARD_64_BIT)";
				COPY_PHASE_STRIP = NO;
				GCC_C_LANGUAGE_STANDARD = gnu99;
				GCC_DYNAMIC_NO_PIC = NO;
				GCC_ENABLE_OBJC_EXCEPTIONS = YES;
				GCC_OPTIMIZATION_LEVEL = 0;
				GCC_PREPROCESSOR_DEFINITIONS = (
					"DEBUG=1",
					"$(inherited)",
				);
				GCC_SYMBOLS_PRIVATE_EXTERN = NO;
				GCC_VERSION = com.apple.compilers.llvm.clang.1_0;
				GCC_WARN_64_TO_32_BIT_CONVERSION = YES;
				GCC_WARN_ABOUT_MISSING_PROTOTYPES = YES;
				GCC_WARN_ABOUT_RETURN_TYPE = YES;
				GCC_WARN_UNUSED_VARIABLE = YES;
				MACOSX_DEPLOYMENT_TARGET = 10.6;
				ONLY_ACTIVE_ARCH = YES;
				SDKROOT = macosx;
			};
			name = Debug;
		};
		54EC7D3315277C9D002EC2C3 /* Release */ = {
			isa = XCBuildConfiguration;
			buildSettings = {
				ALWAYS_SEARCH_USER_PATHS = NO;
				ARCHS = "$(ARCHS_STANDARD_64_BIT)";
				COPY_PHASE_STRIP = YES;
				DEBUG_INFORMATION_FORMAT = "dwarf-with-dsym";
				GCC_C_LANGUAGE_STANDARD = gnu99;
				GCC_ENABLE_OBJC_EXCEPTIONS = YES;
				GCC_VERSION = com.apple.compilers.llvm.clang.1_0;
				GCC_WARN_64_TO_32_BIT_CONVERSION = YES;
				GCC_WARN_ABOUT_MISSING_PROTOTYPES = YES;
				GCC_WARN_ABOUT_RETURN_TYPE = YES;
				GCC_WARN_UNUSED_VARIABLE = YES;
				MACOSX_DEPLOYMENT_TARGET = 10.6;
				SDKROOT = macosx;
			};
			name = Release;
		};
		54EC7D3515277C9D002EC2C3 /* Debug */ = {
			isa = XCBuildConfiguration;
			buildSettings = {
				GCC_PRECOMPILE_PREFIX_HEADER = YES;
				GCC_PREFIX_HEADER = "Application/Application-Prefix.pch";
				INFOPLIST_FILE = "Application/Application-Info.plist";
				LIBRARY_SEARCH_PATHS = (
					"$(inherited)",
					"\"$(SRCROOT)/../../of/addons_diederick/roxlu/src/roxlu/experimental\"",
				);
				PRODUCT_NAME = "$(TARGET_NAME)";
				WRAPPER_EXTENSION = app;
			};
			name = Debug;
		};
		54EC7D3615277C9D002EC2C3 /* Release */ = {
			isa = XCBuildConfiguration;
			buildSettings = {
				GCC_PRECOMPILE_PREFIX_HEADER = YES;
				GCC_PREFIX_HEADER = "Application/Application-Prefix.pch";
				INFOPLIST_FILE = "Application/Application-Info.plist";
				LIBRARY_SEARCH_PATHS = (
					"$(inherited)",
					"\"$(SRCROOT)/../../of/addons_diederick/roxlu/src/roxlu/experimental\"",
				);
				PRODUCT_NAME = "$(TARGET_NAME)";
				WRAPPER_EXTENSION = app;
			};
			name = Release;
		};
/* End XCBuildConfiguration section */

/* Begin XCConfigurationList section */
		54EC7D1015277C9D002EC2C3 /* Build configuration list for PBXProject "Application" */ = {
			isa = XCConfigurationList;
			buildConfigurations = (
				54EC7D3215277C9D002EC2C3 /* Debug */,
				54EC7D3315277C9D002EC2C3 /* Release */,
			);
			defaultConfigurationIsVisible = 0;
			defaultConfigurationName = Release;
		};
		54EC7D3415277C9D002EC2C3 /* Build configuration list for PBXNativeTarget "Application" */ = {
			isa = XCConfigurationList;
			buildConfigurations = (
				54EC7D3515277C9D002EC2C3 /* Debug */,
				54EC7D3615277C9D002EC2C3 /* Release */,
			);
			defaultConfigurationIsVisible = 0;
		};
/* End XCConfigurationList section */
	};
	rootObject = 54EC7D0D15277C9D002EC2C3 /* Project object */;
}
